
Microsoft Visual Studio Solution File, Format Version 12.00
# Visual Studio 14
VisualStudioVersion = 14.0.24720.0
MinimumVisualStudioVersion = 10.0.40219.1
Project("{FAE04EC0-301F-11D3-BF4B-00C04F79EFBC}") = "01-03.Student", "01-03.Student\01-03.Student.csproj", "{98CFBBF0-09D3-4D1A-8856-BC5D0FDC1BF9}"
EndProject
Project("{FAE04EC0-301F-11D3-BF4B-00C04F79EFBC}") = "04.Person", "04.Person\04.Person.csproj", "{B0C7C2BE-1940-4F0F-917A-8600105859B1}"
EndProject
Project("{FAE04EC0-301F-11D3-BF4B-00C04F79EFBC}") = "05.Array64Bit", "05.Array64Bit\05.Array64Bit.csproj", "{A54CA9F3-BE55-456C-877B-CE18A46CCD54}"
EndProject
Global
	GlobalSection(SolutionConfigurationPlatforms) = preSolution
		Debug|Any CPU = Debug|Any CPU
		Release|Any CPU = Release|Any CPU
	EndGlobalSection
	GlobalSection(ProjectConfigurationPlatforms) = postSolution
		{98CFBBF0-09D3-4D1A-8856-BC5D0FDC1BF9}.Debug|Any CPU.ActiveCfg = Debug|Any CPU
		{98CFBBF0-09D3-4D1A-8856-BC5D0FDC1BF9}.Debug|Any CPU.Build.0 = Debug|Any CPU
		{98CFBBF0-09D3-4D1A-8856-BC5D0FDC1BF9}.Release|Any CPU.ActiveCfg = Release|Any CPU
		{98CFBBF0-09D3-4D1A-8856-BC5D0FDC1BF9}.Release|Any CPU.Build.0 = Release|Any CPU
		{B0C7C2BE-1940-4F0F-917A-8600105859B1}.Debug|Any CPU.ActiveCfg = Debug|Any CPU
		{B0C7C2BE-1940-4F0F-917A-8600105859B1}.Debug|Any CPU.Build.0 = Debug|Any CPU
		{B0C7C2BE-1940-4F0F-917A-8600105859B1}.Release|Any CPU.ActiveCfg = Release|Any CPU
		{B0C7C2BE-1940-4F0F-917A-8600105859B1}.Release|Any CPU.Build.0 = Release|Any CPU
		{A54CA9F3-BE55-456C-877B-CE18A46CCD54}.Debug|Any CPU.ActiveCfg = Debug|Any CPU
		{A54CA9F3-BE55-456C-877B-CE18A46CCD54}.Debug|Any CPU.Build.0 = Debug|Any CPU
		{A54CA9F3-BE55-456C-877B-CE18A46CCD54}.Release|Any CPU.ActiveCfg = Release|Any CPU
		{A54CA9F3-BE55-456C-877B-CE18A46CCD54}.Release|Any CPU.Build.0 = Release|Any CPU
	EndGlobalSection
	GlobalSection(SolutionProperties) = preSolution
		HideSolutionNode = FALSE
	EndGlobalSection
EndGlobal
